
Microsoft Visual Studio Solution File, Format Version 12.00
# Visual Studio Version 17
VisualStudioVersion = 17.5.33530.505
MinimumVisualStudioVersion = 10.0.40219.1
Project("{FAE04EC0-301F-11D3-BF4B-00C04F79EFBC}") = "ObjComparefiles", "ObjComparefiles\ObjComparefiles.csproj", "{76C90971-65F1-4C72-B9CE-4E9B495ACC28}"
EndProject
Global
	GlobalSection(SolutionConfigurationPlatforms) = preSolution
		Debug|Any CPU = Debug|Any CPU
		Release|Any CPU = Release|Any CPU
	EndGlobalSection
	GlobalSection(ProjectConfigurationPlatforms) = postSolution
		{76C90971-65F1-4C72-B9CE-4E9B495ACC28}.Debug|Any CPU.ActiveCfg = Debug|Any CPU
		{76C90971-65F1-4C72-B9CE-4E9B495ACC28}.Debug|Any CPU.Build.0 = Debug|Any CPU
		{76C90971-65F1-4C72-B9CE-4E9B495ACC28}.Release|Any CPU.ActiveCfg = Release|Any CPU
		{76C90971-65F1-4C72-B9CE-4E9B495ACC28}.Release|Any CPU.Build.0 = Release|Any CPU
	EndGlobalSection
	GlobalSection(SolutionProperties) = preSolution
		HideSolutionNode = FALSE
	EndGlobalSection
	GlobalSection(ExtensibilityGlobals) = postSolution
		SolutionGuid = {AFBB18E0-CDCB-4314-ACB9-709452919F63}
	EndGlobalSection
EndGlobal
